{
  "name": "nostr-components-hello",
  "version": "0.0.0",
  "lockfileVersion": 3,
  "requires": true,
  "packages": {
    "": {
      "name": "nostr-components-hello",
      "version": "0.0.0",
      "license": "MIT",
      "dependencies": {
        "htm": "^3.1.1",
        "nostr-components-navbar": "^0.0.6",
        "nostr-components-sidebar": "^0.0.1"
      }
    },
    "node_modules/htm": {
      "version": "3.1.1",
      "resolved": "https://registry.npmjs.org/htm/-/htm-3.1.1.tgz",
      "integrity": "sha512-983Vyg8NwUE7JkZ6NmOqpCZ+sh1bKv2iYTlUkzlWmA5JD2acKoxd4KVxbMmxX/85mtfdnDmTFoNKcg5DGAvxNQ=="
    },
    "node_modules/nostr-components-navbar": {
      "version": "0.0.6",
      "resolved": "https://registry.npmjs.org/nostr-components-navbar/-/nostr-components-navbar-0.0.6.tgz",
      "integrity": "sha512-yeM1XxfT/cG7b09i+A5SS4OICfp+QF5A4q2bDASnlf782fpHy38H+ZXiCfwynRGq1XQsKuD8/OyGw+YS3RkYHQ==",
      "dependencies": {
        "htm": "^3.1.1"
      }
    },
    "node_modules/nostr-components-sidebar": {
      "version": "0.0.1",
      "resolved": "https://registry.npmjs.org/nostr-components-sidebar/-/nostr-components-sidebar-0.0.1.tgz",
      "integrity": "sha512-Ui6Cue14YBt4HZAwIW6n8x66LVA9w9cmE/jS5wmTQ3+uvYgBYFiXkZcnOi37JvEHmHnJE2PMAeWiJWYQfOggtw==",
      "dependencies": {
        "htm": "^3.1.1"
      }
    }
  }
}
