{
  "name": "nostr-components-hello",
  "version": "0.0.2",
  "lockfileVersion": 3,
  "requires": true,
  "packages": {
    "": {
      "name": "nostr-components-hello",
      "version": "0.0.2",
      "license": "MIT",
      "dependencies": {
        "htm": "^3.1.1",
        "nostr-components-navbar": "^0.0.8",
        "nostr-components-sidebar": "^0.0.1",
        "nostr-ui": "^0.0.1"
      }
    },
    "node_modules/dior": {
      "version": "0.0.5",
      "resolved": "https://registry.npmjs.org/dior/-/dior-0.0.5.tgz",
      "integrity": "sha512-luq9m4OC9QkQoaazfAZBVHCUck5dFV80mKYMwjJSIlSCSs4Z3xniK7xMCPu90baxrKSUpFWrqSXXQ8JlSfQFow=="
    },
    "node_modules/htm": {
      "version": "3.1.1",
      "resolved": "https://registry.npmjs.org/htm/-/htm-3.1.1.tgz",
      "integrity": "sha512-983Vyg8NwUE7JkZ6NmOqpCZ+sh1bKv2iYTlUkzlWmA5JD2acKoxd4KVxbMmxX/85mtfdnDmTFoNKcg5DGAvxNQ=="
    },
    "node_modules/nostr-components-navbar": {
      "version": "0.0.8",
      "resolved": "https://registry.npmjs.org/nostr-components-navbar/-/nostr-components-navbar-0.0.8.tgz",
      "integrity": "sha512-bXGH4ZQN8NP2q/17lA3H6s8bf1usdmIXYHT6Vjkd/Qk/Sxr3YHeiMsGOO/MbC07thSFEEMJgYRU8bbK5203J6A==",
      "dependencies": {
        "htm": "^3.1.1"
      }
    },
    "node_modules/nostr-components-sidebar": {
      "version": "0.0.1",
      "resolved": "https://registry.npmjs.org/nostr-components-sidebar/-/nostr-components-sidebar-0.0.1.tgz",
      "integrity": "sha512-Ui6Cue14YBt4HZAwIW6n8x66LVA9w9cmE/jS5wmTQ3+uvYgBYFiXkZcnOi37JvEHmHnJE2PMAeWiJWYQfOggtw==",
      "dependencies": {
        "htm": "^3.1.1"
      }
    },
    "node_modules/nostr-ui": {
      "version": "0.0.1",
      "resolved": "https://registry.npmjs.org/nostr-ui/-/nostr-ui-0.0.1.tgz",
      "integrity": "sha512-ZIi64w6+PL2r1amNgLaoVN07GVf2GTLHnq97zRjTSM/MdenBXGOJsfrJTHHAIOpp7LM+jlb789gSEfYIYOw8JQ==",
      "dependencies": {
        "dior": "^0.0.5"
      }
    }
  }
}
